
Microsoft Visual Studio Solution File, Format Version 12.00
# Visual Studio Version 17
VisualStudioVersion = 17.5.33627.172
MinimumVisualStudioVersion = 10.0.40219.1
Project("{9A19103F-16F7-4668-BE54-9A1E7A4F7556}") = "MSEHosting", "MSEHosting\MSEHosting.csproj", "{AA9EB625-84A2-4B53-A99B-4BC88F9BED68}"
EndProject
Project("{9A19103F-16F7-4668-BE54-9A1E7A4F7556}") = "MSEHosting2", "MSEHosting2\MSEHosting2.csproj", "{844CF47C-A8D1-401B-A841-F6508A7954B9}"
EndProject
Project("{9A19103F-16F7-4668-BE54-9A1E7A4F7556}") = "MSEHosting3", "MSEHosting3\MSEHosting3.csproj", "{B0E3E53F-A377-4C2F-8BEA-65E380E97CA0}"
EndProject
Project("{9A19103F-16F7-4668-BE54-9A1E7A4F7556}") = "MSEHosting4", "MSEHosting4\MSEHosting4.csproj", "{E2660423-EE13-4667-87E4-37D1D6D94672}"
EndProject
Project("{9A19103F-16F7-4668-BE54-9A1E7A4F7556}") = "MSEHosting5", "MSEHosting5\MSEHosting5.csproj", "{C9A324F6-F50B-4FCF-BA85-1AE5A5087D27}"
EndProject
Project("{9A19103F-16F7-4668-BE54-9A1E7A4F7556}") = "SerilogDemo", "SerilogDemo\SerilogDemo.csproj", "{861C3F04-8162-450A-B92E-753FA85298D1}"
EndProject
Project("{9A19103F-16F7-4668-BE54-9A1E7A4F7556}") = "SystemCommandLineDemo", "SystemCommandLineDemo\SystemCommandLineDemo.csproj", "{7E608425-000B-4789-B47A-44A371BEAF70}"
EndProject
Project("{9A19103F-16F7-4668-BE54-9A1E7A4F7556}") = "WinFormsThreadingDemo", "WinFormsThreadingDemo\WinFormsThreadingDemo.csproj", "{35440655-C7E3-4260-81DA-B1D863421849}"
EndProject
Project("{9A19103F-16F7-4668-BE54-9A1E7A4F7556}") = "SolidExample", "SolidExample\SolidExample.csproj", "{DF5CFC12-6996-4B6B-A38F-6276F712384F}"
EndProject
Project("{2150E333-8FDC-42A3-9474-1A3956D46DE8}") = "Hosting - Grundlegender Aufbau", "Hosting - Grundlegender Aufbau", "{C5C6286C-3A37-4A8F-A6B8-9462777732AD}"
EndProject
Project("{2150E333-8FDC-42A3-9474-1A3956D46DE8}") = "Hosting - BackgroundServices und Lifetime", "Hosting - BackgroundServices und Lifetime", "{1FE65850-2A72-4750-B45B-769E312F0279}"
EndProject
Project("{2150E333-8FDC-42A3-9474-1A3956D46DE8}") = "Hosting - DI", "Hosting - DI", "{54DBC9D6-A8AE-457C-B402-468A6F1E2C02}"
EndProject
Project("{2150E333-8FDC-42A3-9474-1A3956D46DE8}") = "Hosting - Configuration", "Hosting - Configuration", "{9B6429E9-5F70-475D-94D1-A391E0811E61}"
EndProject
Project("{2150E333-8FDC-42A3-9474-1A3956D46DE8}") = "Hosting - Logging", "Hosting - Logging", "{A028C5F8-614F-4167-B731-BDD60C7F3B3D}"
EndProject
Global
	GlobalSection(SolutionConfigurationPlatforms) = preSolution
		Debug|Any CPU = Debug|Any CPU
		Release|Any CPU = Release|Any CPU
	EndGlobalSection
	GlobalSection(ProjectConfigurationPlatforms) = postSolution
		{AA9EB625-84A2-4B53-A99B-4BC88F9BED68}.Debug|Any CPU.ActiveCfg = Debug|Any CPU
		{AA9EB625-84A2-4B53-A99B-4BC88F9BED68}.Debug|Any CPU.Build.0 = Debug|Any CPU
		{AA9EB625-84A2-4B53-A99B-4BC88F9BED68}.Release|Any CPU.ActiveCfg = Release|Any CPU
		{AA9EB625-84A2-4B53-A99B-4BC88F9BED68}.Release|Any CPU.Build.0 = Release|Any CPU
		{844CF47C-A8D1-401B-A841-F6508A7954B9}.Debug|Any CPU.ActiveCfg = Debug|Any CPU
		{844CF47C-A8D1-401B-A841-F6508A7954B9}.Debug|Any CPU.Build.0 = Debug|Any CPU
		{844CF47C-A8D1-401B-A841-F6508A7954B9}.Release|Any CPU.ActiveCfg = Release|Any CPU
		{844CF47C-A8D1-401B-A841-F6508A7954B9}.Release|Any CPU.Build.0 = Release|Any CPU
		{B0E3E53F-A377-4C2F-8BEA-65E380E97CA0}.Debug|Any CPU.ActiveCfg = Debug|Any CPU
		{B0E3E53F-A377-4C2F-8BEA-65E380E97CA0}.Debug|Any CPU.Build.0 = Debug|Any CPU
		{B0E3E53F-A377-4C2F-8BEA-65E380E97CA0}.Release|Any CPU.ActiveCfg = Release|Any CPU
		{B0E3E53F-A377-4C2F-8BEA-65E380E97CA0}.Release|Any CPU.Build.0 = Release|Any CPU
		{E2660423-EE13-4667-87E4-37D1D6D94672}.Debug|Any CPU.ActiveCfg = Debug|Any CPU
		{E2660423-EE13-4667-87E4-37D1D6D94672}.Debug|Any CPU.Build.0 = Debug|Any CPU
		{E2660423-EE13-4667-87E4-37D1D6D94672}.Release|Any CPU.ActiveCfg = Release|Any CPU
		{E2660423-EE13-4667-87E4-37D1D6D94672}.Release|Any CPU.Build.0 = Release|Any CPU
		{C9A324F6-F50B-4FCF-BA85-1AE5A5087D27}.Debug|Any CPU.ActiveCfg = Debug|Any CPU
		{C9A324F6-F50B-4FCF-BA85-1AE5A5087D27}.Debug|Any CPU.Build.0 = Debug|Any CPU
		{C9A324F6-F50B-4FCF-BA85-1AE5A5087D27}.Release|Any CPU.ActiveCfg = Release|Any CPU
		{C9A324F6-F50B-4FCF-BA85-1AE5A5087D27}.Release|Any CPU.Build.0 = Release|Any CPU
		{861C3F04-8162-450A-B92E-753FA85298D1}.Debug|Any CPU.ActiveCfg = Debug|Any CPU
		{861C3F04-8162-450A-B92E-753FA85298D1}.Debug|Any CPU.Build.0 = Debug|Any CPU
		{861C3F04-8162-450A-B92E-753FA85298D1}.Release|Any CPU.ActiveCfg = Release|Any CPU
		{861C3F04-8162-450A-B92E-753FA85298D1}.Release|Any CPU.Build.0 = Release|Any CPU
		{7E608425-000B-4789-B47A-44A371BEAF70}.Debug|Any CPU.ActiveCfg = Debug|Any CPU
		{7E608425-000B-4789-B47A-44A371BEAF70}.Debug|Any CPU.Build.0 = Debug|Any CPU
		{7E608425-000B-4789-B47A-44A371BEAF70}.Release|Any CPU.ActiveCfg = Release|Any CPU
		{7E608425-000B-4789-B47A-44A371BEAF70}.Release|Any CPU.Build.0 = Release|Any CPU
		{35440655-C7E3-4260-81DA-B1D863421849}.Debug|Any CPU.ActiveCfg = Debug|Any CPU
		{35440655-C7E3-4260-81DA-B1D863421849}.Debug|Any CPU.Build.0 = Debug|Any CPU
		{35440655-C7E3-4260-81DA-B1D863421849}.Release|Any CPU.ActiveCfg = Release|Any CPU
		{35440655-C7E3-4260-81DA-B1D863421849}.Release|Any CPU.Build.0 = Release|Any CPU
		{DF5CFC12-6996-4B6B-A38F-6276F712384F}.Debug|Any CPU.ActiveCfg = Debug|Any CPU
		{DF5CFC12-6996-4B6B-A38F-6276F712384F}.Debug|Any CPU.Build.0 = Debug|Any CPU
		{DF5CFC12-6996-4B6B-A38F-6276F712384F}.Release|Any CPU.ActiveCfg = Release|Any CPU
		{DF5CFC12-6996-4B6B-A38F-6276F712384F}.Release|Any CPU.Build.0 = Release|Any CPU
	EndGlobalSection
	GlobalSection(SolutionProperties) = preSolution
		HideSolutionNode = FALSE
	EndGlobalSection
	GlobalSection(NestedProjects) = preSolution
		{AA9EB625-84A2-4B53-A99B-4BC88F9BED68} = {C5C6286C-3A37-4A8F-A6B8-9462777732AD}
		{844CF47C-A8D1-401B-A841-F6508A7954B9} = {1FE65850-2A72-4750-B45B-769E312F0279}
		{B0E3E53F-A377-4C2F-8BEA-65E380E97CA0} = {9B6429E9-5F70-475D-94D1-A391E0811E61}
		{E2660423-EE13-4667-87E4-37D1D6D94672} = {54DBC9D6-A8AE-457C-B402-468A6F1E2C02}
		{C9A324F6-F50B-4FCF-BA85-1AE5A5087D27} = {A028C5F8-614F-4167-B731-BDD60C7F3B3D}
	EndGlobalSection
	GlobalSection(ExtensibilityGlobals) = postSolution
		SolutionGuid = {AC51D972-423D-4076-BD92-3DFABDE2E4FD}
	EndGlobalSection
EndGlobal
